
Microsoft Visual Studio Solution File, Format Version 12.00
Project("{FAE04EC0-301F-11D3-BF4B-00C04F79EFBC}") = "fissaa", "fissaa\fissaa.csproj", "{CDAF18D9-0E13-4C1D-9CB4-A0A7B3C1F98A}"
EndProject
Global
	GlobalSection(SolutionConfigurationPlatforms) = preSolution
		Debug|Any CPU = Debug|Any CPU
		Release|Any CPU = Release|Any CPU
	EndGlobalSection
	GlobalSection(ProjectConfigurationPlatforms) = postSolution
		{CDAF18D9-0E13-4C1D-9CB4-A0A7B3C1F98A}.Debug|Any CPU.ActiveCfg = Debug|Any CPU
		{CDAF18D9-0E13-4C1D-9CB4-A0A7B3C1F98A}.Debug|Any CPU.Build.0 = Debug|Any CPU
		{CDAF18D9-0E13-4C1D-9CB4-A0A7B3C1F98A}.Release|Any CPU.ActiveCfg = Release|Any CPU
		{CDAF18D9-0E13-4C1D-9CB4-A0A7B3C1F98A}.Release|Any CPU.Build.0 = Release|Any CPU
	EndGlobalSection
EndGlobal
